
Microsoft Visual Studio Solution File, Format Version 12.00
# Visual Studio Version 18
VisualStudioVersion = 18.0.11222.15
MinimumVisualStudioVersion = 10.0.40219.1
Project("{9A19103F-16F7-4668-BE54-9A1E7A4F7556}") = "SPT-AKI Profile Editor", "SPT-AKI Profile Editor\SPT-AKI Profile Editor.csproj", "{49342D9A-5544-4BBD-B432-D8BD35B5F131}"
EndProject
Project("{9A19103F-16F7-4668-BE54-9A1E7A4F7556}") = "SPT-AKI Profile Editor.Tests", "SPT-AKI Profile Editor.Tests\SPT-AKI Profile Editor.Tests.csproj", "{0F9C0DE1-29D0-45C5-8AFE-B6A1AD953C9B}"
EndProject
Project("{54435603-DBB4-11D2-8724-00A0C9A8B90C}") = "SPT-AKI Profile Editor.Installer", "SPT-AKI Profile Editor.Installer\SPT-AKI Profile Editor.Installer.vdproj", "{AA494F62-9178-446B-9184-4F78725D3303}"
EndProject
Project("{FAE04EC0-301F-11D3-BF4B-00C04F79EFBC}") = "SPT-AKI Profile Editor.ModHelper", "SPT-AKI Profile Editor.ModHelper\SPT-AKI Profile Editor.ModHelper.csproj", "{58823409-D617-4C4A-A405-4E72A0AF1A9A}"
EndProject
Global
	GlobalSection(SolutionConfigurationPlatforms) = preSolution
		Debug|Any CPU = Debug|Any CPU
		Debug|x64 = Debug|x64
		Release|Any CPU = Release|Any CPU
		Release|x64 = Release|x64
	EndGlobalSection
	GlobalSection(ProjectConfigurationPlatforms) = postSolution
		{49342D9A-5544-4BBD-B432-D8BD35B5F131}.Debug|Any CPU.ActiveCfg = Debug|Any CPU
		{49342D9A-5544-4BBD-B432-D8BD35B5F131}.Debug|Any CPU.Build.0 = Debug|Any CPU
		{49342D9A-5544-4BBD-B432-D8BD35B5F131}.Debug|x64.ActiveCfg = Debug|Any CPU
		{49342D9A-5544-4BBD-B432-D8BD35B5F131}.Debug|x64.Build.0 = Debug|Any CPU
		{49342D9A-5544-4BBD-B432-D8BD35B5F131}.Release|Any CPU.ActiveCfg = Release|Any CPU
		{49342D9A-5544-4BBD-B432-D8BD35B5F131}.Release|Any CPU.Build.0 = Release|Any CPU
		{49342D9A-5544-4BBD-B432-D8BD35B5F131}.Release|x64.ActiveCfg = Release|Any CPU
		{49342D9A-5544-4BBD-B432-D8BD35B5F131}.Release|x64.Build.0 = Release|Any CPU
		{0F9C0DE1-29D0-45C5-8AFE-B6A1AD953C9B}.Debug|Any CPU.ActiveCfg = Debug|Any CPU
		{0F9C0DE1-29D0-45C5-8AFE-B6A1AD953C9B}.Debug|Any CPU.Build.0 = Debug|Any CPU
		{0F9C0DE1-29D0-45C5-8AFE-B6A1AD953C9B}.Debug|x64.ActiveCfg = Debug|Any CPU
		{0F9C0DE1-29D0-45C5-8AFE-B6A1AD953C9B}.Release|Any CPU.ActiveCfg = Release|Any CPU
		{0F9C0DE1-29D0-45C5-8AFE-B6A1AD953C9B}.Release|x64.ActiveCfg = Release|Any CPU
		{AA494F62-9178-446B-9184-4F78725D3303}.Debug|Any CPU.ActiveCfg = Debug
		{AA494F62-9178-446B-9184-4F78725D3303}.Debug|x64.ActiveCfg = Debug
		{AA494F62-9178-446B-9184-4F78725D3303}.Release|Any CPU.ActiveCfg = Release
		{AA494F62-9178-446B-9184-4F78725D3303}.Release|x64.ActiveCfg = Release
		{58823409-D617-4C4A-A405-4E72A0AF1A9A}.Debug|Any CPU.ActiveCfg = Debug|Any CPU
		{58823409-D617-4C4A-A405-4E72A0AF1A9A}.Debug|Any CPU.Build.0 = Debug|Any CPU
		{58823409-D617-4C4A-A405-4E72A0AF1A9A}.Debug|x64.ActiveCfg = Debug|Any CPU
		{58823409-D617-4C4A-A405-4E72A0AF1A9A}.Debug|x64.Build.0 = Debug|Any CPU
		{58823409-D617-4C4A-A405-4E72A0AF1A9A}.Release|Any CPU.ActiveCfg = Release|Any CPU
		{58823409-D617-4C4A-A405-4E72A0AF1A9A}.Release|Any CPU.Build.0 = Release|Any CPU
		{58823409-D617-4C4A-A405-4E72A0AF1A9A}.Release|x64.ActiveCfg = Release|Any CPU
		{58823409-D617-4C4A-A405-4E72A0AF1A9A}.Release|x64.Build.0 = Release|Any CPU
	EndGlobalSection
	GlobalSection(SolutionProperties) = preSolution
		HideSolutionNode = FALSE
	EndGlobalSection
	GlobalSection(ExtensibilityGlobals) = postSolution
		SolutionGuid = {BC9AFDD6-90C5-4B4B-A0FD-3B34482D8A1F}
	EndGlobalSection
EndGlobal
